{
  "name": "claude-cli",
  "lockfileVersion": 3,
  "requires": true,
  "packages": {
    "": {
      "dependencies": {
        "@anthropic-ai/claude-code": "2.1.223"
      }
    },
    "node_modules/@anthropic-ai/claude-code": {
      "version": "2.1.223",
      "resolved": "https://registry.npmjs.org/@anthropic-ai/claude-code/-/claude-code-2.1.223.tgz",
      "integrity": "sha512-t6la5i6TP8p/zf6QlZjwzpMKM3kCty6aGRv6opeOnMVnJRcVuchPWSPgcdZZdvE82Alk4xbJ83XQXGOj6F4mlA==",
      "hasInstallScript": true,
      "license": "SEE LICENSE IN README.md",
      "bin": {
        "claude": "bin/claude.exe"
      },
      "engines": {
        "node": ">=22.0.0"
      },
      "optionalDependencies": {
        "@anthropic-ai/claude-code-darwin-arm64": "2.1.223",
        "@anthropic-ai/claude-code-darwin-x64": "2.1.223",
        "@anthropic-ai/claude-code-linux-arm64": "2.1.223",
        "@anthropic-ai/claude-code-linux-arm64-musl": "2.1.223",
        "@anthropic-ai/claude-code-linux-x64": "2.1.223",
        "@anthropic-ai/claude-code-linux-x64-musl": "2.1.223",
        "@anthropic-ai/claude-code-win32-arm64": "2.1.223",
        "@anthropic-ai/claude-code-win32-x64": "2.1.223"
      }
    },
    "node_modules/@anthropic-ai/claude-code-darwin-arm64": {
      "version": "2.1.223",
      "resolved": "https://registry.npmjs.org/@anthropic-ai/claude-code-darwin-arm64/-/claude-code-darwin-arm64-2.1.223.tgz",
      "integrity": "sha512-o7u49EUMKp5BSsU+x7Ftey9bZgcSRXVfkX4hiPgipV/xpHLtKCRjA2YVgsDFWiOxSSF61t1ze8NPpkwaKn1EYg==",
      "cpu": [
        "arm64"
      ],
      "license": "SEE LICENSE IN LICENSE.md",
      "optional": true,
      "os": [
        "darwin"
      ]
    },
    "node_modules/@anthropic-ai/claude-code-darwin-x64": {
      "version": "2.1.223",
      "resolved": "https://registry.npmjs.org/@anthropic-ai/claude-code-darwin-x64/-/claude-code-darwin-x64-2.1.223.tgz",
      "integrity": "sha512-gfvZx7w4Ezf98ye2qWLnwV5apSVBrpJGlbxNUnBON/twUpCd4P1/1+2mx4AmGhD+w0jd4A/zlHs1EB0rcfzAMg==",
      "cpu": [
        "x64"
      ],
      "license": "SEE LICENSE IN LICENSE.md",
      "optional": true,
      "os": [
        "darwin"
      ]
    },
    "node_modules/@anthropic-ai/claude-code-linux-arm64": {
      "version": "2.1.223",
      "resolved": "https://registry.npmjs.org/@anthropic-ai/claude-code-linux-arm64/-/claude-code-linux-arm64-2.1.223.tgz",
      "integrity": "sha512-gh0n3fvUgzsrjeTqZraOhDKOzS7afB9U/qFvRY0FBpccogbJCk8otTYavPfdhAA2xESAoA0BaoVdzO4k4VkphA==",
      "cpu": [
        "arm64"
      ],
      "libc": [
        "glibc"
      ],
      "license": "SEE LICENSE IN LICENSE.md",
      "optional": true,
      "os": [
        "linux"
      ]
    },
    "node_modules/@anthropic-ai/claude-code-linux-arm64-musl": {
      "version": "2.1.223",
      "resolved": "https://registry.npmjs.org/@anthropic-ai/claude-code-linux-arm64-musl/-/claude-code-linux-arm64-musl-2.1.223.tgz",
      "integrity": "sha512-k9cfkF4Jj8iLzAdUNS/a6cBEZFU8d7DoG+VK8FL/Asb/qqFCAq+9Dxf6XONWuCmlMdfjsFMB//nI7yDbxPY9pA==",
      "cpu": [
        "arm64"
      ],
      "libc": [
        "musl"
      ],
      "license": "SEE LICENSE IN LICENSE.md",
      "optional": true,
      "os": [
        "linux"
      ]
    },
    "node_modules/@anthropic-ai/claude-code-linux-x64": {
      "version": "2.1.223",
      "resolved": "https://registry.npmjs.org/@anthropic-ai/claude-code-linux-x64/-/claude-code-linux-x64-2.1.223.tgz",
      "integrity": "sha512-kqXBJnSF+mzc4NzOP2UUTDtgtcWCRYZgeZpYrtqild65zxqqNJRgEEidCRrsv6bfsRPfKfoClrEYhBYD1K3ccA==",
      "cpu": [
        "x64"
      ],
      "libc": [
        "glibc"
      ],
      "license": "SEE LICENSE IN LICENSE.md",
      "optional": true,
      "os": [
        "linux"
      ]
    },
    "node_modules/@anthropic-ai/claude-code-linux-x64-musl": {
      "version": "2.1.223",
      "resolved": "https://registry.npmjs.org/@anthropic-ai/claude-code-linux-x64-musl/-/claude-code-linux-x64-musl-2.1.223.tgz",
      "integrity": "sha512-mgLnecgPjjoc7L7V+JQT9dnQiQ3T2P7yQO3gT0H+mCWkXrNkJ3rsmgS4z1YnTWT7gYqyaq3kvY/FCfQ8FKccEg==",
      "cpu": [
        "x64"
      ],
      "libc": [
        "musl"
      ],
      "license": "SEE LICENSE IN LICENSE.md",
      "optional": true,
      "os": [
        "linux"
      ]
    },
    "node_modules/@anthropic-ai/claude-code-win32-arm64": {
      "version": "2.1.223",
      "resolved": "https://registry.npmjs.org/@anthropic-ai/claude-code-win32-arm64/-/claude-code-win32-arm64-2.1.223.tgz",
      "integrity": "sha512-ZhmrozwwGwxHaifyfms0/sn81lCr3M+qf0g1oqp4SuIUsy1ptOueRJyzaxqTMNBQNPyqM3idaCbI2puWmnVA5w==",
      "cpu": [
        "arm64"
      ],
      "license": "SEE LICENSE IN LICENSE.md",
      "optional": true,
      "os": [
        "win32"
      ]
    },
    "node_modules/@anthropic-ai/claude-code-win32-x64": {
      "version": "2.1.223",
      "resolved": "https://registry.npmjs.org/@anthropic-ai/claude-code-win32-x64/-/claude-code-win32-x64-2.1.223.tgz",
      "integrity": "sha512-0lPycg4DKLKcPxF4EYSKdgTjAbv0RJRVOP85h8fV8jYza+L8k2yuxm2S/CrxTv9TCTB4w0pp+zi86fRtcCk4rg==",
      "cpu": [
        "x64"
      ],
      "license": "SEE LICENSE IN LICENSE.md",
      "optional": true,
      "os": [
        "win32"
      ]
    }
  }
}
