{
  "name": "codex-cli",
  "lockfileVersion": 3,
  "requires": true,
  "packages": {
    "": {
      "dependencies": {
        "@openai/codex": "0.146.1"
      }
    },
    "node_modules/@openai/codex": {
      "version": "0.146.1",
      "resolved": "https://registry.npmjs.org/@openai/codex/-/codex-0.146.1.tgz",
      "integrity": "sha512-f51R56E/G15soLhf5l5pWUiM+mGHK0NdLozOtzjRoAa+bA20hgWrkyxE/fpwCnuGQM6XNdktHYtK9xQ7bPIbTA==",
      "license": "Apache-2.0",
      "bin": {
        "codex": "bin/codex.js"
      },
      "engines": {
        "node": ">=16"
      },
      "optionalDependencies": {
        "@openai/codex-darwin-arm64": "npm:@openai/codex@0.146.1-darwin-arm64",
        "@openai/codex-darwin-x64": "npm:@openai/codex@0.146.1-darwin-x64",
        "@openai/codex-linux-arm64": "npm:@openai/codex@0.146.1-linux-arm64",
        "@openai/codex-linux-x64": "npm:@openai/codex@0.146.1-linux-x64",
        "@openai/codex-win32-arm64": "npm:@openai/codex@0.146.1-win32-arm64",
        "@openai/codex-win32-x64": "npm:@openai/codex@0.146.1-win32-x64"
      }
    },
    "node_modules/@openai/codex-darwin-arm64": {
      "name": "@openai/codex",
      "version": "0.146.1-darwin-arm64",
      "resolved": "https://registry.npmjs.org/@openai/codex/-/codex-0.146.1-darwin-arm64.tgz",
      "integrity": "sha512-zvXxiGRuKCOoFQyh7lRC2SHwomM2VNzHralyeP+i6fxLjQ5grpmnfJpnLs54+GkK7K5nEpkj7chqjlKbMELgZw==",
      "cpu": [
        "arm64"
      ],
      "license": "Apache-2.0",
      "optional": true,
      "os": [
        "darwin"
      ],
      "engines": {
        "node": ">=16"
      }
    },
    "node_modules/@openai/codex-darwin-x64": {
      "name": "@openai/codex",
      "version": "0.146.1-darwin-x64",
      "resolved": "https://registry.npmjs.org/@openai/codex/-/codex-0.146.1-darwin-x64.tgz",
      "integrity": "sha512-XQbemMBWH37hVL2vkoP+t//QyUmMjDRksf8YHmhAzHmt2oTTo8xyzH76LLFqMPCNpTdG755T8ZCbkpM0X2NJwA==",
      "cpu": [
        "x64"
      ],
      "license": "Apache-2.0",
      "optional": true,
      "os": [
        "darwin"
      ],
      "engines": {
        "node": ">=16"
      }
    },
    "node_modules/@openai/codex-linux-arm64": {
      "name": "@openai/codex",
      "version": "0.146.1-linux-arm64",
      "resolved": "https://registry.npmjs.org/@openai/codex/-/codex-0.146.1-linux-arm64.tgz",
      "integrity": "sha512-2LhK2axFZKe6BbhlzGXCpVkSva1TikFYJIq6x7+xu0AdfmY855EV5lQ7lwFpjJfM5gAJqxcycttvE1ODoSoLaA==",
      "cpu": [
        "arm64"
      ],
      "license": "Apache-2.0",
      "optional": true,
      "os": [
        "linux"
      ],
      "engines": {
        "node": ">=16"
      }
    },
    "node_modules/@openai/codex-linux-x64": {
      "name": "@openai/codex",
      "version": "0.146.1-linux-x64",
      "resolved": "https://registry.npmjs.org/@openai/codex/-/codex-0.146.1-linux-x64.tgz",
      "integrity": "sha512-XPWpWzJgGK1ygsUBMXgskEkr+uTVj/XOnnCP2UE9tQUXTWYRYElz7QW1YS3bxkN6Kev4CJQKbdJopVwh+0E/TQ==",
      "cpu": [
        "x64"
      ],
      "license": "Apache-2.0",
      "optional": true,
      "os": [
        "linux"
      ],
      "engines": {
        "node": ">=16"
      }
    },
    "node_modules/@openai/codex-win32-arm64": {
      "name": "@openai/codex",
      "version": "0.146.1-win32-arm64",
      "resolved": "https://registry.npmjs.org/@openai/codex/-/codex-0.146.1-win32-arm64.tgz",
      "integrity": "sha512-3UJf8sKefCbUgPPcgQRiCaKn9AsItuPl0ZL6erHWzT6UIemrdjt2WHiTNOw/7tVJRnUsG4A1LUrK2to9/SkwXA==",
      "cpu": [
        "arm64"
      ],
      "license": "Apache-2.0",
      "optional": true,
      "os": [
        "win32"
      ],
      "engines": {
        "node": ">=16"
      }
    },
    "node_modules/@openai/codex-win32-x64": {
      "name": "@openai/codex",
      "version": "0.146.1-win32-x64",
      "resolved": "https://registry.npmjs.org/@openai/codex/-/codex-0.146.1-win32-x64.tgz",
      "integrity": "sha512-FfiNJysKpHkJ08Kn+571r701dgoZVZjqNUxrEZ/JJyu5hIzNTs4XBllAX6ynHkF8G9NebPEtaJz72zxbol/JPg==",
      "cpu": [
        "x64"
      ],
      "license": "Apache-2.0",
      "optional": true,
      "os": [
        "win32"
      ],
      "engines": {
        "node": ">=16"
      }
    }
  }
}
